// !$*UTF8*$!
{
	archiveVersion = 1;
	classes = {
	};
	objectVersion = 56;
	objects = {

/* Begin PBXBuildFile section */
		844901272B9FFA1C00A325D6 /* SwiftUIView.swift in Sources */ = {isa = PBXBuildFile; fileRef = 844901262B9FFA1C00A325D6 /* SwiftUIView.swift */; };
		844901292B9FFADE00A325D6 /* Table.swift in Sources */ = {isa = PBXBuildFile; fileRef = 844901282B9FFADE00A325D6 /* Table.swift */; };
		8449012B2BA0073600A325D6 /* TableManager.swift in Sources */ = {isa = PBXBuildFile; fileRef = 8449012A2BA0073600A325D6 /* TableManager.swift */; };
		8449012D2BA01AF500A325D6 /* Profile.swift in Sources */ = {isa = PBXBuildFile; fileRef = 8449012C2BA01AF500A325D6 /* Profile.swift */; };
		8449012F2BA130A300A325D6 /* AccountManager.swift in Sources */ = {isa = PBXBuildFile; fileRef = 8449012E2BA130A300A325D6 /* AccountManager.swift */; };
		848845762BA03B000093E1FA /* log in.swift in Sources */ = {isa = PBXBuildFile; fileRef = 848845752BA03B000093E1FA /* log in.swift */; };
		848845782BA03D4C0093E1FA /* ReserveScreen.swift in Sources */ = {isa = PBXBuildFile; fileRef = 848845772BA03D4C0093E1FA /* ReserveScreen.swift */; };
		8488457A2BA044660093E1FA /* home.swift in Sources */ = {isa = PBXBuildFile; fileRef = 848845792BA044660093E1FA /* home.swift */; };
		84FFA7772B9FF52600220275 /* ReservationAppApp.swift in Sources */ = {isa = PBXBuildFile; fileRef = 84FFA7762B9FF52600220275 /* ReservationAppApp.swift */; };
		84FFA7792B9FF52600220275 /* ContentView.swift in Sources */ = {isa = PBXBuildFile; fileRef = 84FFA7782B9FF52600220275 /* ContentView.swift */; };
		84FFA77B2B9FF52700220275 /* Assets.xcassets in Resources */ = {isa = PBXBuildFile; fileRef = 84FFA77A2B9FF52700220275 /* Assets.xcassets */; };
		84FFA77E2B9FF52700220275 /* Preview Assets.xcassets in Resources */ = {isa = PBXBuildFile; fileRef = 84FFA77D2B9FF52700220275 /* Preview Assets.xcassets */; };
		84FFA7802B9FF52700220275 /* Persistence.swift in Sources */ = {isa = PBXBuildFile; fileRef = 84FFA77F2B9FF52700220275 /* Persistence.swift */; };
		84FFA7832B9FF52700220275 /* ReservationApp.xcdatamodeld in Sources */ = {isa = PBXBuildFile; fileRef = 84FFA7812B9FF52700220275 /* ReservationApp.xcdatamodeld */; };
		84FFA78D2B9FF52700220275 /* ReservationAppTests.swift in Sources */ = {isa = PBXBuildFile; fileRef = 84FFA78C2B9FF52700220275 /* ReservationAppTests.swift */; };
		84FFA7972B9FF52700220275 /* ReservationAppUITests.swift in Sources */ = {isa = PBXBuildFile; fileRef = 84FFA7962B9FF52700220275 /* ReservationAppUITests.swift */; };
		84FFA7992B9FF52700220275 /* ReservationAppUITestsLaunchTests.swift in Sources */ = {isa = PBXBuildFile; fileRef = 84FFA7982B9FF52700220275 /* ReservationAppUITestsLaunchTests.swift */; };
/* End PBXBuildFile section */

/* Begin PBXContainerItemProxy section */
		84FFA7892B9FF52700220275 /* PBXContainerItemProxy */ = {
			isa = PBXContainerItemProxy;
			containerPortal = 84FFA76B2B9FF52600220275 /* Project object */;
			proxyType = 1;
			remoteGlobalIDString = 84FFA7722B9FF52600220275;
			remoteInfo = ReservationApp;
		};
		84FFA7932B9FF52700220275 /* PBXContainerItemProxy */ = {
			isa = PBXContainerItemProxy;
			containerPortal = 84FFA76B2B9FF52600220275 /* Project object */;
			proxyType = 1;
			remoteGlobalIDString = 84FFA7722B9FF52600220275;
			remoteInfo = ReservationApp;
		};
/* End PBXContainerItemProxy section */

/* Begin PBXFileReference section */
		844901262B9FFA1C00A325D6 /* SwiftUIView.swift */ = {isa = PBXFileReference; lastKnownFileType = sourcecode.swift; path = SwiftUIView.swift; sourceTree = "<group>"; };
		844901282B9FFADE00A325D6 /* Table.swift */ = {isa = PBXFileReference; lastKnownFileType = sourcecode.swift; path = Table.swift; sourceTree = "<group>"; };
		8449012A2BA0073600A325D6 /* TableManager.swift */ = {isa = PBXFileReference; lastKnownFileType = sourcecode.swift; path = TableManager.swift; sourceTree = "<group>"; };
		8449012C2BA01AF500A325D6 /* Profile.swift */ = {isa = PBXFileReference; lastKnownFileType = sourcecode.swift; path = Profile.swift; sourceTree = "<group>"; };
		8449012E2BA130A300A325D6 /* AccountManager.swift */ = {isa = PBXFileReference; lastKnownFileType = sourcecode.swift; path = AccountManager.swift; sourceTree = "<group>"; };
		848845752BA03B000093E1FA /* log in.swift */ = {isa = PBXFileReference; lastKnownFileType = sourcecode.swift; path = "log in.swift"; sourceTree = "<group>"; };
		848845772BA03D4C0093E1FA /* ReserveScreen.swift */ = {isa = PBXFileReference; lastKnownFileType = sourcecode.swift; path = ReserveScreen.swift; sourceTree = "<group>"; };
		848845792BA044660093E1FA /* home.swift */ = {isa = PBXFileReference; lastKnownFileType = sourcecode.swift; path = home.swift; sourceTree = "<group>"; };
		84FFA7732B9FF52600220275 /* ReservationApp.app */ = {isa = PBXFileReference; explicitFileType = wrapper.application; includeInIndex = 0; path = ReservationApp.app; sourceTree = BUILT_PRODUCTS_DIR; };
		84FFA7762B9FF52600220275 /* ReservationAppApp.swift */ = {isa = PBXFileReference; lastKnownFileType = sourcecode.swift; path = ReservationAppApp.swift; sourceTree = "<group>"; };
		84FFA7782B9FF52600220275 /* ContentView.swift */ = {isa = PBXFileReference; lastKnownFileType = sourcecode.swift; path = ContentView.swift; sourceTree = "<group>"; };
		84FFA77A2B9FF52700220275 /* Assets.xcassets */ = {isa = PBXFileReference; lastKnownFileType = folder.assetcatalog; path = Assets.xcassets; sourceTree = "<group>"; };
		84FFA77D2B9FF52700220275 /* Preview Assets.xcassets */ = {isa = PBXFileReference; lastKnownFileType = folder.assetcatalog; path = "Preview Assets.xcassets"; sourceTree = "<group>"; };
		84FFA77F2B9FF52700220275 /* Persistence.swift */ = {isa = PBXFileReference; lastKnownFileType = sourcecode.swift; path = Persistence.swift; sourceTree = "<group>"; };
		84FFA7822B9FF52700220275 /* ReservationApp.xcdatamodel */ = {isa = PBXFileReference; lastKnownFileType = wrapper.xcdatamodel; path = ReservationApp.xcdatamodel; sourceTree = "<group>"; };
		84FFA7882B9FF52700220275 /* ReservationAppTests.xctest */ = {isa = PBXFileReference; explicitFileType = wrapper.cfbundle; includeInIndex = 0; path = ReservationAppTests.xctest; sourceTree = BUILT_PRODUCTS_DIR; };
		84FFA78C2B9FF52700220275 /* ReservationAppTests.swift */ = {isa = PBXFileReference; lastKnownFileType = sourcecode.swift; path = ReservationAppTests.swift; sourceTree = "<group>"; };
		84FFA7922B9FF52700220275 /* ReservationAppUITests.xctest */ = {isa = PBXFileReference; explicitFileType = wrapper.cfbundle; includeInIndex = 0; path = ReservationAppUITests.xctest; sourceTree = BUILT_PRODUCTS_DIR; };
		84FFA7962B9FF52700220275 /* ReservationAppUITests.swift */ = {isa = PBXFileReference; lastKnownFileType = sourcecode.swift; path = ReservationAppUITests.swift; sourceTree = "<group>"; };
		84FFA7982B9FF52700220275 /* ReservationAppUITestsLaunchTests.swift */ = {isa = PBXFileReference; lastKnownFileType = sourcecode.swift; path = ReservationAppUITestsLaunchTests.swift; sourceTree = "<group>"; };
/* End PBXFileReference section */

/* Begin PBXFrameworksBuildPhase section */
		84FFA7702B9FF52600220275 /* Frameworks */ = {
			isa = PBXFrameworksBuildPhase;
			buildActionMask = 2147483647;
			files = (
			);
			runOnlyForDeploymentPostprocessing = 0;
		};
		84FFA7852B9FF52700220275 /* Frameworks */ = {
			isa = PBXFrameworksBuildPhase;
			buildActionMask = 2147483647;
			files = (
			);
			runOnlyForDeploymentPostprocessing = 0;
		};
		84FFA78F2B9FF52700220275 /* Frameworks */ = {
			isa = PBXFrameworksBuildPhase;
			buildActionMask = 2147483647;
			files = (
			);
			runOnlyForDeploymentPostprocessing = 0;
		};
/* End PBXFrameworksBuildPhase section */

/* Begin PBXGroup section */
		84FFA76A2B9FF52600220275 = {
			isa = PBXGroup;
			children = (
				84FFA7752B9FF52600220275 /* ReservationApp */,
				84FFA78B2B9FF52700220275 /* ReservationAppTests */,
				84FFA7952B9FF52700220275 /* ReservationAppUITests */,
				84FFA7742B9FF52600220275 /* Products */,
			);
			sourceTree = "<group>";
		};
		84FFA7742B9FF52600220275 /* Products */ = {
			isa = PBXGroup;
			children = (
				84FFA7732B9FF52600220275 /* ReservationApp.app */,
				84FFA7882B9FF52700220275 /* ReservationAppTests.xctest */,
				84FFA7922B9FF52700220275 /* ReservationAppUITests.xctest */,
			);
			name = Products;
			sourceTree = "<group>";
		};
		84FFA7752B9FF52600220275 /* ReservationApp */ = {
			isa = PBXGroup;
			children = (
				84FFA7762B9FF52600220275 /* ReservationAppApp.swift */,
				84FFA7782B9FF52600220275 /* ContentView.swift */,
				844901262B9FFA1C00A325D6 /* SwiftUIView.swift */,
				8449012A2BA0073600A325D6 /* TableManager.swift */,
				8449012E2BA130A300A325D6 /* AccountManager.swift */,
				844901282B9FFADE00A325D6 /* Table.swift */,
				8449012C2BA01AF500A325D6 /* Profile.swift */,
				84FFA77A2B9FF52700220275 /* Assets.xcassets */,
				84FFA77F2B9FF52700220275 /* Persistence.swift */,
				84FFA7812B9FF52700220275 /* ReservationApp.xcdatamodeld */,
				84FFA77C2B9FF52700220275 /* Preview Content */,
				848845752BA03B000093E1FA /* log in.swift */,
				848845792BA044660093E1FA /* home.swift */,
				848845772BA03D4C0093E1FA /* ReserveScreen.swift */,
			);
			path = ReservationApp;
			sourceTree = "<group>";
		};
		84FFA77C2B9FF52700220275 /* Preview Content */ = {
			isa = PBXGroup;
			children = (
				84FFA77D2B9FF52700220275 /* Preview Assets.xcassets */,
			);
			path = "Preview Content";
			sourceTree = "<group>";
		};
		84FFA78B2B9FF52700220275 /* ReservationAppTests */ = {
			isa = PBXGroup;
			children = (
				84FFA78C2B9FF52700220275 /* ReservationAppTests.swift */,
			);
			path = ReservationAppTests;
			sourceTree = "<group>";
		};
		84FFA7952B9FF52700220275 /* ReservationAppUITests */ = {
			isa = PBXGroup;
			children = (
				84FFA7962B9FF52700220275 /* ReservationAppUITests.swift */,
				84FFA7982B9FF52700220275 /* ReservationAppUITestsLaunchTests.swift */,
			);
			path = ReservationAppUITests;
			sourceTree = "<group>";
		};
/* End PBXGroup section */

/* Begin PBXNativeTarget section */
		84FFA7722B9FF52600220275 /* ReservationApp */ = {
			isa = PBXNativeTarget;
			buildConfigurationList = 84FFA79C2B9FF52700220275 /* Build configuration list for PBXNativeTarget "ReservationApp" */;
			buildPhases = (
				84FFA76F2B9FF52600220275 /* Sources */,
				84FFA7702B9FF52600220275 /* Frameworks */,
				84FFA7712B9FF52600220275 /* Resources */,
			);
			buildRules = (
			);
			dependencies = (
			);
			name = ReservationApp;
			productName = ReservationApp;
			productReference = 84FFA7732B9FF52600220275 /* ReservationApp.app */;
			productType = "com.apple.product-type.application";
		};
		84FFA7872B9FF52700220275 /* ReservationAppTests */ = {
			isa = PBXNativeTarget;
			buildConfigurationList = 84FFA79F2B9FF52700220275 /* Build configuration list for PBXNativeTarget "ReservationAppTests" */;
			buildPhases = (
				84FFA7842B9FF52700220275 /* Sources */,
				84FFA7852B9FF52700220275 /* Frameworks */,
				84FFA7862B9FF52700220275 /* Resources */,
			);
			buildRules = (
			);
			dependencies = (
				84FFA78A2B9FF52700220275 /* PBXTargetDependency */,
			);
			name = ReservationAppTests;
			productName = ReservationAppTests;
			productReference = 84FFA7882B9FF52700220275 /* ReservationAppTests.xctest */;
			productType = "com.apple.product-type.bundle.unit-test";
		};
		84FFA7912B9FF52700220275 /* ReservationAppUITests */ = {
			isa = PBXNativeTarget;
			buildConfigurationList = 84FFA7A22B9FF52700220275 /* Build configuration list for PBXNativeTarget "ReservationAppUITests" */;
			buildPhases = (
				84FFA78E2B9FF52700220275 /* Sources */,
				84FFA78F2B9FF52700220275 /* Frameworks */,
				84FFA7902B9FF52700220275 /* Resources */,
			);
			buildRules = (
			);
			dependencies = (
				84FFA7942B9FF52700220275 /* PBXTargetDependency */,
			);
			name = ReservationAppUITests;
			productName = ReservationAppUITests;
			productReference = 84FFA7922B9FF52700220275 /* ReservationAppUITests.xctest */;
			productType = "com.apple.product-type.bundle.ui-testing";
		};
/* End PBXNativeTarget section */

/* Begin PBXProject section */
		84FFA76B2B9FF52600220275 /* Project object */ = {
			isa = PBXProject;
			attributes = {
				BuildIndependentTargetsInParallel = 1;
				LastSwiftUpdateCheck = 1520;
				LastUpgradeCheck = 1520;
				TargetAttributes = {
					84FFA7722B9FF52600220275 = {
						CreatedOnToolsVersion = 15.2;
					};
					84FFA7872B9FF52700220275 = {
						CreatedOnToolsVersion = 15.2;
						TestTargetID = 84FFA7722B9FF52600220275;
					};
					84FFA7912B9FF52700220275 = {
						CreatedOnToolsVersion = 15.2;
						TestTargetID = 84FFA7722B9FF52600220275;
					};
				};
			};
			buildConfigurationList = 84FFA76E2B9FF52600220275 /* Build configuration list for PBXProject "ReservationApp" */;
			compatibilityVersion = "Xcode 14.0";
			developmentRegion = en;
			hasScannedForEncodings = 0;
			knownRegions = (
				en,
				Base,
			);
			mainGroup = 84FFA76A2B9FF52600220275;
			productRefGroup = 84FFA7742B9FF52600220275 /* Products */;
			projectDirPath = "";
			projectRoot = "";
			targets = (
				84FFA7722B9FF52600220275 /* ReservationApp */,
				84FFA7872B9FF52700220275 /* ReservationAppTests */,
				84FFA7912B9FF52700220275 /* ReservationAppUITests */,
			);
		};
/* End PBXProject section */

/* Begin PBXResourcesBuildPhase section */
		84FFA7712B9FF52600220275 /* Resources */ = {
			isa = PBXResourcesBuildPhase;
			buildActionMask = 2147483647;
			files = (
				84FFA77E2B9FF52700220275 /* Preview Assets.xcassets in Resources */,
				84FFA77B2B9FF52700220275 /* Assets.xcassets in Resources */,
			);
			runOnlyForDeploymentPostprocessing = 0;
		};
		84FFA7862B9FF52700220275 /* Resources */ = {
			isa = PBXResourcesBuildPhase;
			buildActionMask = 2147483647;
			files = (
			);
			runOnlyForDeploymentPostprocessing = 0;
		};
		84FFA7902B9FF52700220275 /* Resources */ = {
			isa = PBXResourcesBuildPhase;
			buildActionMask = 2147483647;
			files = (
			);
			runOnlyForDeploymentPostprocessing = 0;
		};
/* End PBXResourcesBuildPhase section */

/* Begin PBXSourcesBuildPhase section */
		84FFA76F2B9FF52600220275 /* Sources */ = {
			isa = PBXSourcesBuildPhase;
			buildActionMask = 2147483647;
			files = (
				844901292B9FFADE00A325D6 /* Table.swift in Sources */,
				848845762BA03B000093E1FA /* log in.swift in Sources */,
				8449012D2BA01AF500A325D6 /* Profile.swift in Sources */,
				84FFA7802B9FF52700220275 /* Persistence.swift in Sources */,
				84FFA7792B9FF52600220275 /* ContentView.swift in Sources */,
				84FFA7832B9FF52700220275 /* ReservationApp.xcdatamodeld in Sources */,
				848845782BA03D4C0093E1FA /* ReserveScreen.swift in Sources */,
				8449012F2BA130A300A325D6 /* AccountManager.swift in Sources */,
				84FFA7772B9FF52600220275 /* ReservationAppApp.swift in Sources */,
				8488457A2BA044660093E1FA /* home.swift in Sources */,
				8449012B2BA0073600A325D6 /* TableManager.swift in Sources */,
				844901272B9FFA1C00A325D6 /* SwiftUIView.swift in Sources */,
			);
			runOnlyForDeploymentPostprocessing = 0;
		};
		84FFA7842B9FF52700220275 /* Sources */ = {
			isa = PBXSourcesBuildPhase;
			buildActionMask = 2147483647;
			files = (
				84FFA78D2B9FF52700220275 /* ReservationAppTests.swift in Sources */,
			);
			runOnlyForDeploymentPostprocessing = 0;
		};
		84FFA78E2B9FF52700220275 /* Sources */ = {
			isa = PBXSourcesBuildPhase;
			buildActionMask = 2147483647;
			files = (
				84FFA7972B9FF52700220275 /* ReservationAppUITests.swift in Sources */,
				84FFA7992B9FF52700220275 /* ReservationAppUITestsLaunchTests.swift in Sources */,
			);
			runOnlyForDeploymentPostprocessing = 0;
		};
/* End PBXSourcesBuildPhase section */

/* Begin PBXTargetDependency section */
		84FFA78A2B9FF52700220275 /* PBXTargetDependency */ = {
			isa = PBXTargetDependency;
			target = 84FFA7722B9FF52600220275 /* ReservationApp */;
			targetProxy = 84FFA7892B9FF52700220275 /* PBXContainerItemProxy */;
		};
		84FFA7942B9FF52700220275 /* PBXTargetDependency */ = {
			isa = PBXTargetDependency;
			target = 84FFA7722B9FF52600220275 /* ReservationApp */;
			targetProxy = 84FFA7932B9FF52700220275 /* PBXContainerItemProxy */;
		};
/* End PBXTargetDependency section */

/* Begin XCBuildConfiguration section */
		84FFA79A2B9FF52700220275 /* Debug */ = {
			isa = XCBuildConfiguration;
			buildSettings = {
				ALWAYS_SEARCH_USER_PATHS = NO;
				ASSETCATALOG_COMPILER_GENERATE_SWIFT_ASSET_SYMBOL_EXTENSIONS = YES;
				CLANG_ANALYZER_NONNULL = YES;
				CLANG_ANALYZER_NUMBER_OBJECT_CONVERSION = YES_AGGRESSIVE;
				CLANG_CXX_LANGUAGE_STANDARD = "gnu++20";
				CLANG_ENABLE_MODULES = YES;
				CLANG_ENABLE_OBJC_ARC = YES;
				CLANG_ENABLE_OBJC_WEAK = YES;
				CLANG_WARN_BLOCK_CAPTURE_AUTORELEASING = YES;
				CLANG_WARN_BOOL_CONVERSION = YES;
				CLANG_WARN_COMMA = YES;
				CLANG_WARN_CONSTANT_CONVERSION = YES;
				CLANG_WARN_DEPRECATED_OBJC_IMPLEMENTATIONS = YES;
				CLANG_WARN_DIRECT_OBJC_ISA_USAGE = YES_ERROR;
				CLANG_WARN_DOCUMENTATION_COMMENTS = YES;
				CLANG_WARN_EMPTY_BODY = YES;
				CLANG_WARN_ENUM_CONVERSION = YES;
				CLANG_WARN_INFINITE_RECURSION = YES;
				CLANG_WARN_INT_CONVERSION = YES;
				CLANG_WARN_NON_LITERAL_NULL_CONVERSION = YES;
				CLANG_WARN_OBJC_IMPLICIT_RETAIN_SELF = YES;
				CLANG_WARN_OBJC_LITERAL_CONVERSION = YES;
				CLANG_WARN_OBJC_ROOT_CLASS = YES_ERROR;
				CLANG_WARN_QUOTED_INCLUDE_IN_FRAMEWORK_HEADER = YES;
				CLANG_WARN_RANGE_LOOP_ANALYSIS = YES;
				CLANG_WARN_STRICT_PROTOTYPES = YES;
				CLANG_WARN_SUSPICIOUS_MOVE = YES;
				CLANG_WARN_UNGUARDED_AVAILABILITY = YES_AGGRESSIVE;
				CLANG_WARN_UNREACHABLE_CODE = YES;
				CLANG_WARN__DUPLICATE_METHOD_MATCH = YES;
				COPY_PHASE_STRIP = NO;
				DEBUG_INFORMATION_FORMAT = dwarf;
				ENABLE_STRICT_OBJC_MSGSEND = YES;
				ENABLE_TESTABILITY = YES;
				ENABLE_USER_SCRIPT_SANDBOXING = YES;
				GCC_C_LANGUAGE_STANDARD = gnu17;
				GCC_DYNAMIC_NO_PIC = NO;
				GCC_NO_COMMON_BLOCKS = YES;
				GCC_OPTIMIZATION_LEVEL = 0;
				GCC_PREPROCESSOR_DEFINITIONS = (
					"DEBUG=1",
					"$(inherited)",
				);
				GCC_WARN_64_TO_32_BIT_CONVERSION = YES;
				GCC_WARN_ABOUT_RETURN_TYPE = YES_ERROR;
				GCC_WARN_UNDECLARED_SELECTOR = YES;
				GCC_WARN_UNINITIALIZED_AUTOS = YES_AGGRESSIVE;
				GCC_WARN_UNUSED_FUNCTION = YES;
				GCC_WARN_UNUSED_VARIABLE = YES;
				IPHONEOS_DEPLOYMENT_TARGET = 17.2;
				LOCALIZATION_PREFERS_STRING_CATALOGS = YES;
				MTL_ENABLE_DEBUG_INFO = INCLUDE_SOURCE;
				MTL_FAST_MATH = YES;
				ONLY_ACTIVE_ARCH = YES;
				SDKROOT = iphoneos;
				SWIFT_ACTIVE_COMPILATION_CONDITIONS = "DEBUG $(inherited)";
				SWIFT_OPTIMIZATION_LEVEL = "-Onone";
			};
			name = Debug;
		};
		84FFA79B2B9FF52700220275 /* Release */ = {
			isa = XCBuildConfiguration;
			buildSettings = {
				ALWAYS_SEARCH_USER_PATHS = NO;
				ASSETCATALOG_COMPILER_GENERATE_SWIFT_ASSET_SYMBOL_EXTENSIONS = YES;
				CLANG_ANALYZER_NONNULL = YES;
				CLANG_ANALYZER_NUMBER_OBJECT_CONVERSION = YES_AGGRESSIVE;
				CLANG_CXX_LANGUAGE_STANDARD = "gnu++20";
				CLANG_ENABLE_MODULES = YES;
				CLANG_ENABLE_OBJC_ARC = YES;
				CLANG_ENABLE_OBJC_WEAK = YES;
				CLANG_WARN_BLOCK_CAPTURE_AUTORELEASING = YES;
				CLANG_WARN_BOOL_CONVERSION = YES;
				CLANG_WARN_COMMA = YES;
				CLANG_WARN_CONSTANT_CONVERSION = YES;
				CLANG_WARN_DEPRECATED_OBJC_IMPLEMENTATIONS = YES;
				CLANG_WARN_DIRECT_OBJC_ISA_USAGE = YES_ERROR;
				CLANG_WARN_DOCUMENTATION_COMMENTS = YES;
				CLANG_WARN_EMPTY_BODY = YES;
				CLANG_WARN_ENUM_CONVERSION = YES;
				CLANG_WARN_INFINITE_RECURSION = YES;
				CLANG_WARN_INT_CONVERSION = YES;
				CLANG_WARN_NON_LITERAL_NULL_CONVERSION = YES;
				CLANG_WARN_OBJC_IMPLICIT_RETAIN_SELF = YES;
				CLANG_WARN_OBJC_LITERAL_CONVERSION = YES;
				CLANG_WARN_OBJC_ROOT_CLASS = YES_ERROR;
				CLANG_WARN_QUOTED_INCLUDE_IN_FRAMEWORK_HEADER = YES;
				CLANG_WARN_RANGE_LOOP_ANALYSIS = YES;
				CLANG_WARN_STRICT_PROTOTYPES = YES;
				CLANG_WARN_SUSPICIOUS_MOVE = YES;
				CLANG_WARN_UNGUARDED_AVAILABILITY = YES_AGGRESSIVE;
				CLANG_WARN_UNREACHABLE_CODE = YES;
				CLANG_WARN__DUPLICATE_METHOD_MATCH = YES;
				COPY_PHASE_STRIP = NO;
				DEBUG_INFORMATION_FORMAT = "dwarf-with-dsym";
				ENABLE_NS_ASSERTIONS = NO;
				ENABLE_STRICT_OBJC_MSGSEND = YES;
				ENABLE_USER_SCRIPT_SANDBOXING = YES;
				GCC_C_LANGUAGE_STANDARD = gnu17;
				GCC_NO_COMMON_BLOCKS = YES;
				GCC_WARN_64_TO_32_BIT_CONVERSION = YES;
				GCC_WARN_ABOUT_RETURN_TYPE = YES_ERROR;
				GCC_WARN_UNDECLARED_SELECTOR = YES;
				GCC_WARN_UNINITIALIZED_AUTOS = YES_AGGRESSIVE;
				GCC_WARN_UNUSED_FUNCTION = YES;
				GCC_WARN_UNUSED_VARIABLE = YES;
				IPHONEOS_DEPLOYMENT_TARGET = 17.2;
				LOCALIZATION_PREFERS_STRING_CATALOGS = YES;
				MTL_ENABLE_DEBUG_INFO = NO;
				MTL_FAST_MATH = YES;
				SDKROOT = iphoneos;
				SWIFT_COMPILATION_MODE = wholemodule;
				VALIDATE_PRODUCT = YES;
			};
			name = Release;
		};
		84FFA79D2B9FF52700220275 /* Debug */ = {
			isa = XCBuildConfiguration;
			buildSettings = {
				ASSETCATALOG_COMPILER_APPICON_NAME = AppIcon;
				ASSETCATALOG_COMPILER_GLOBAL_ACCENT_COLOR_NAME = AccentColor;
				CODE_SIGN_STYLE = Automatic;
				CURRENT_PROJECT_VERSION = 1;
				DEVELOPMENT_ASSET_PATHS = "\"ReservationApp/Preview Content\"";
				DEVELOPMENT_TEAM = J7FWSZ2UWA;
				ENABLE_PREVIEWS = YES;
				GENERATE_INFOPLIST_FILE = YES;
				INFOPLIST_KEY_UIApplicationSceneManifest_Generation = YES;
				INFOPLIST_KEY_UIApplicationSupportsIndirectInputEvents = YES;
				INFOPLIST_KEY_UILaunchScreen_Generation = YES;
				INFOPLIST_KEY_UISupportedInterfaceOrientations_iPad = "UIInterfaceOrientationPortrait UIInterfaceOrientationPortraitUpsideDown UIInterfaceOrientationLandscapeLeft UIInterfaceOrientationLandscapeRight";
				INFOPLIST_KEY_UISupportedInterfaceOrientations_iPhone = "UIInterfaceOrientationPortrait UIInterfaceOrientationLandscapeLeft UIInterfaceOrientationLandscapeRight";
				LD_RUNPATH_SEARCH_PATHS = (
					"$(inherited)",
					"@executable_path/Frameworks",
				);
				MARKETING_VERSION = 1.0;
				PRODUCT_BUNDLE_IDENTIFIER = sard.ReservationApp;
				PRODUCT_NAME = "$(TARGET_NAME)";
				SWIFT_EMIT_LOC_STRINGS = YES;
				SWIFT_VERSION = 5.0;
				TARGETED_DEVICE_FAMILY = "1,2";
			};
			name = Debug;
		};
		84FFA79E2B9FF52700220275 /* Release */ = {
			isa = XCBuildConfiguration;
			buildSettings = {
				ASSETCATALOG_COMPILER_APPICON_NAME = AppIcon;
				ASSETCATALOG_COMPILER_GLOBAL_ACCENT_COLOR_NAME = AccentColor;
				CODE_SIGN_STYLE = Automatic;
				CURRENT_PROJECT_VERSION = 1;
				DEVELOPMENT_ASSET_PATHS = "\"ReservationApp/Preview Content\"";
				DEVELOPMENT_TEAM = J7FWSZ2UWA;
				ENABLE_PREVIEWS = YES;
				GENERATE_INFOPLIST_FILE = YES;
				INFOPLIST_KEY_UIApplicationSceneManifest_Generation = YES;
				INFOPLIST_KEY_UIApplicationSupportsIndirectInputEvents = YES;
				INFOPLIST_KEY_UILaunchScreen_Generation = YES;
				INFOPLIST_KEY_UISupportedInterfaceOrientations_iPad = "UIInterfaceOrientationPortrait UIInterfaceOrientationPortraitUpsideDown UIInterfaceOrientationLandscapeLeft UIInterfaceOrientationLandscapeRight";
				INFOPLIST_KEY_UISupportedInterfaceOrientations_iPhone = "UIInterfaceOrientationPortrait UIInterfaceOrientationLandscapeLeft UIInterfaceOrientationLandscapeRight";
				LD_RUNPATH_SEARCH_PATHS = (
					"$(inherited)",
					"@executable_path/Frameworks",
				);
				MARKETING_VERSION = 1.0;
				PRODUCT_BUNDLE_IDENTIFIER = sard.ReservationApp;
				PRODUCT_NAME = "$(TARGET_NAME)";
				SWIFT_EMIT_LOC_STRINGS = YES;
				SWIFT_VERSION = 5.0;
				TARGETED_DEVICE_FAMILY = "1,2";
			};
			name = Release;
		};
		84FFA7A02B9FF52700220275 /* Debug */ = {
			isa = XCBuildConfiguration;
			buildSettings = {
				ALWAYS_EMBED_SWIFT_STANDARD_LIBRARIES = YES;
				BUNDLE_LOADER = "$(TEST_HOST)";
				CODE_SIGN_STYLE = Automatic;
				CURRENT_PROJECT_VERSION = 1;
				DEVELOPMENT_TEAM = J7FWSZ2UWA;
				GENERATE_INFOPLIST_FILE = YES;
				IPHONEOS_DEPLOYMENT_TARGET = 17.2;
				MARKETING_VERSION = 1.0;
				PRODUCT_BUNDLE_IDENTIFIER = sard.ReservationAppTests;
				PRODUCT_NAME = "$(TARGET_NAME)";
				SWIFT_EMIT_LOC_STRINGS = NO;
				SWIFT_VERSION = 5.0;
				TARGETED_DEVICE_FAMILY = "1,2";
				TEST_HOST = "$(BUILT_PRODUCTS_DIR)/ReservationApp.app/$(BUNDLE_EXECUTABLE_FOLDER_PATH)/ReservationApp";
			};
			name = Debug;
		};
		84FFA7A12B9FF52700220275 /* Release */ = {
			isa = XCBuildConfiguration;
			buildSettings = {
				ALWAYS_EMBED_SWIFT_STANDARD_LIBRARIES = YES;
				BUNDLE_LOADER = "$(TEST_HOST)";
				CODE_SIGN_STYLE = Automatic;
				CURRENT_PROJECT_VERSION = 1;
				DEVELOPMENT_TEAM = J7FWSZ2UWA;
				GENERATE_INFOPLIST_FILE = YES;
				IPHONEOS_DEPLOYMENT_TARGET = 17.2;
				MARKETING_VERSION = 1.0;
				PRODUCT_BUNDLE_IDENTIFIER = sard.ReservationAppTests;
				PRODUCT_NAME = "$(TARGET_NAME)";
				SWIFT_EMIT_LOC_STRINGS = NO;
				SWIFT_VERSION = 5.0;
				TARGETED_DEVICE_FAMILY = "1,2";
				TEST_HOST = "$(BUILT_PRODUCTS_DIR)/ReservationApp.app/$(BUNDLE_EXECUTABLE_FOLDER_PATH)/ReservationApp";
			};
			name = Release;
		};
		84FFA7A32B9FF52700220275 /* Debug */ = {
			isa = XCBuildConfiguration;
			buildSettings = {
				ALWAYS_EMBED_SWIFT_STANDARD_LIBRARIES = YES;
				CODE_SIGN_STYLE = Automatic;
				CURRENT_PROJECT_VERSION = 1;
				DEVELOPMENT_TEAM = J7FWSZ2UWA;
				GENERATE_INFOPLIST_FILE = YES;
				MARKETING_VERSION = 1.0;
				PRODUCT_BUNDLE_IDENTIFIER = sard.ReservationAppUITests;
				PRODUCT_NAME = "$(TARGET_NAME)";
				SWIFT_EMIT_LOC_STRINGS = NO;
				SWIFT_VERSION = 5.0;
				TARGETED_DEVICE_FAMILY = "1,2";
				TEST_TARGET_NAME = ReservationApp;
			};
			name = Debug;
		};
		84FFA7A42B9FF52700220275 /* Release */ = {
			isa = XCBuildConfiguration;
			buildSettings = {
				ALWAYS_EMBED_SWIFT_STANDARD_LIBRARIES = YES;
				CODE_SIGN_STYLE = Automatic;
				CURRENT_PROJECT_VERSION = 1;
				DEVELOPMENT_TEAM = J7FWSZ2UWA;
				GENERATE_INFOPLIST_FILE = YES;
				MARKETING_VERSION = 1.0;
				PRODUCT_BUNDLE_IDENTIFIER = sard.ReservationAppUITests;
				PRODUCT_NAME = "$(TARGET_NAME)";
				SWIFT_EMIT_LOC_STRINGS = NO;
				SWIFT_VERSION = 5.0;
				TARGETED_DEVICE_FAMILY = "1,2";
				TEST_TARGET_NAME = ReservationApp;
			};
			name = Release;
		};
/* End XCBuildConfiguration section */

/* Begin XCConfigurationList section */
		84FFA76E2B9FF52600220275 /* Build configuration list for PBXProject "ReservationApp" */ = {
			isa = XCConfigurationList;
			buildConfigurations = (
				84FFA79A2B9FF52700220275 /* Debug */,
				84FFA79B2B9FF52700220275 /* Release */,
			);
			defaultConfigurationIsVisible = 0;
			defaultConfigurationName = Release;
		};
		84FFA79C2B9FF52700220275 /* Build configuration list for PBXNativeTarget "ReservationApp" */ = {
			isa = XCConfigurationList;
			buildConfigurations = (
				84FFA79D2B9FF52700220275 /* Debug */,
				84FFA79E2B9FF52700220275 /* Release */,
			);
			defaultConfigurationIsVisible = 0;
			defaultConfigurationName = Release;
		};
		84FFA79F2B9FF52700220275 /* Build configuration list for PBXNativeTarget "ReservationAppTests" */ = {
			isa = XCConfigurationList;
			buildConfigurations = (
				84FFA7A02B9FF52700220275 /* Debug */,
				84FFA7A12B9FF52700220275 /* Release */,
			);
			defaultConfigurationIsVisible = 0;
			defaultConfigurationName = Release;
		};
		84FFA7A22B9FF52700220275 /* Build configuration list for PBXNativeTarget "ReservationAppUITests" */ = {
			isa = XCConfigurationList;
			buildConfigurations = (
				84FFA7A32B9FF52700220275 /* Debug */,
				84FFA7A42B9FF52700220275 /* Release */,
			);
			defaultConfigurationIsVisible = 0;
			defaultConfigurationName = Release;
		};
/* End XCConfigurationList section */

/* Begin XCVersionGroup section */
		84FFA7812B9FF52700220275 /* ReservationApp.xcdatamodeld */ = {
			isa = XCVersionGroup;
			children = (
				84FFA7822B9FF52700220275 /* ReservationApp.xcdatamodel */,
			);
			currentVersion = 84FFA7822B9FF52700220275 /* ReservationApp.xcdatamodel */;
			path = ReservationApp.xcdatamodeld;
			sourceTree = "<group>";
			versionGroupType = wrapper.xcdatamodel;
		};
/* End XCVersionGroup section */
	};
	rootObject = 84FFA76B2B9FF52600220275 /* Project object */;
}
